
Microsoft Visual Studio Solution File, Format Version 12.00
# Visual Studio 15
VisualStudioVersion = 15.0.27130.2024
MinimumVisualStudioVersion = 10.0.40219.1
Project("{9092AA53-FB77-4645-B42D-1CCCA6BD08BD}") = "Taskmanagement", "Taskmanagement\Taskmanagement.njsproj", "{75F5CD1C-8EEB-43E7-8831-700DB84DA820}"
EndProject
Global
	GlobalSection(SolutionConfigurationPlatforms) = preSolution
		Debug|Any CPU = Debug|Any CPU
		Release|Any CPU = Release|Any CPU
	EndGlobalSection
	GlobalSection(ProjectConfigurationPlatforms) = postSolution
		{75F5CD1C-8EEB-43E7-8831-700DB84DA820}.Debug|Any CPU.ActiveCfg = Debug|Any CPU
		{75F5CD1C-8EEB-43E7-8831-700DB84DA820}.Debug|Any CPU.Build.0 = Debug|Any CPU
		{75F5CD1C-8EEB-43E7-8831-700DB84DA820}.Release|Any CPU.ActiveCfg = Release|Any CPU
		{75F5CD1C-8EEB-43E7-8831-700DB84DA820}.Release|Any CPU.Build.0 = Release|Any CPU
	EndGlobalSection
	GlobalSection(SolutionProperties) = preSolution
		HideSolutionNode = FALSE
	EndGlobalSection
	GlobalSection(ExtensibilityGlobals) = postSolution
		SolutionGuid = {564FE2F4-6924-4B20-85E0-B3F2FB92D2CE}
	EndGlobalSection
EndGlobal
